{
  "name": "db.json",
  "version": "0.0.1",
  "lockfileVersion": 2,
  "requires": true,
  "packages": {
    "": {
      "version": "0.0.1",
      "license": "ISC",
      "dependencies": {
        "commandhandler.js": "^1.0.2"
      }
    },
    "node_modules/commandhandler.js": {
      "version": "1.0.2",
      "resolved": "https://registry.npmjs.org/commandhandler.js/-/commandhandler.js-1.0.2.tgz",
      "integrity": "sha512-zuA0UMAKjDso0DkO7SsSdqgVfZPVKuqUtDlRawMGgXDPJkpu/rCRijDSEgeuhmNMFQhkSv7JiFfaqPxsuWR/uQ=="
    }
  },
  "dependencies": {
    "commandhandler.js": {
      "version": "1.0.2",
      "resolved": "https://registry.npmjs.org/commandhandler.js/-/commandhandler.js-1.0.2.tgz",
      "integrity": "sha512-zuA0UMAKjDso0DkO7SsSdqgVfZPVKuqUtDlRawMGgXDPJkpu/rCRijDSEgeuhmNMFQhkSv7JiFfaqPxsuWR/uQ=="
    }
  }
}
